
Microsoft Visual Studio Solution File, Format Version 12.00
# Visual Studio Version 17
VisualStudioVersion = 17.6.33723.286
MinimumVisualStudioVersion = 10.0.40219.1
Project("{FAE04EC0-301F-11D3-BF4B-00C04F79EFBC}") = "calculadoraCompartilhada", "calculadoraCompartilhada\calculadoraCompartilhada.csproj", "{721E2A36-4DCF-44AC-8580-58EE19C3E7A8}"
EndProject
Global
	GlobalSection(SolutionConfigurationPlatforms) = preSolution
		Debug|Any CPU = Debug|Any CPU
		Release|Any CPU = Release|Any CPU
	EndGlobalSection
	GlobalSection(ProjectConfigurationPlatforms) = postSolution
		{721E2A36-4DCF-44AC-8580-58EE19C3E7A8}.Debug|Any CPU.ActiveCfg = Debug|Any CPU
		{721E2A36-4DCF-44AC-8580-58EE19C3E7A8}.Debug|Any CPU.Build.0 = Debug|Any CPU
		{721E2A36-4DCF-44AC-8580-58EE19C3E7A8}.Release|Any CPU.ActiveCfg = Release|Any CPU
		{721E2A36-4DCF-44AC-8580-58EE19C3E7A8}.Release|Any CPU.Build.0 = Release|Any CPU
	EndGlobalSection
	GlobalSection(SolutionProperties) = preSolution
		HideSolutionNode = FALSE
	EndGlobalSection
	GlobalSection(ExtensibilityGlobals) = postSolution
		SolutionGuid = {B02B3071-ACBE-49CA-9768-B757862EAAC8}
	EndGlobalSection
EndGlobal
